
Microsoft Visual Studio Solution File, Format Version 12.00
# Visual Studio Version 17
VisualStudioVersion = 17.5.33530.505
MinimumVisualStudioVersion = 10.0.40219.1
Project("{FAE04EC0-301F-11D3-BF4B-00C04F79EFBC}") = "MYTEST", "PTXSIS\MYTEST.csproj", "{8FE11698-52F8-4C12-A883-B15A90E7CB55}"
EndProject
Project("{FAE04EC0-301F-11D3-BF4B-00C04F79EFBC}") = "MYTEST_BusinessObjects", "PTXSIS_BusinessObjects\MYTEST_BusinessObjects.csproj", "{BF0C5633-6B4A-4EDD-9E0F-2ABB23AAA0E4}"
EndProject
Project("{FAE04EC0-301F-11D3-BF4B-00C04F79EFBC}") = "MYTEST_DAL", "PTXSIS_DAL\MYTEST_DAL.csproj", "{8941AEDF-ABF1-4836-8175-8323414394D5}"
EndProject
Project("{FAE04EC0-301F-11D3-BF4B-00C04F79EFBC}") = "MYTEST_BLL", "PTXSIS_BLL\MYTEST_BLL.csproj", "{34A272EE-AB75-44EB-82A6-B9B344683E00}"
EndProject
Project("{FAE04EC0-301F-11D3-BF4B-00C04F79EFBC}") = "MYTEST_Contracts", "PTXSIS_Contracts\MYTEST_Contracts.csproj", "{3C624B5D-7C4D-4C3D-AC6A-20466CAC524F}"
EndProject
Project("{FAE04EC0-301F-11D3-BF4B-00C04F79EFBC}") = "MYTEST_DTO", "MYTEST_DTO\MYTEST_DTO.csproj", "{482A5FFD-8983-4482-AE21-C25C4C12C8D0}"
EndProject
Project("{FAE04EC0-301F-11D3-BF4B-00C04F79EFBC}") = "MYTEST_Test", "MYTEST_Test\MYTEST_Test.csproj", "{8FCE3BF8-69AF-40C5-BA4F-E4A33D3EEB26}"
EndProject
Global
	GlobalSection(SolutionConfigurationPlatforms) = preSolution
		Debug|Any CPU = Debug|Any CPU
		Release|Any CPU = Release|Any CPU
	EndGlobalSection
	GlobalSection(ProjectConfigurationPlatforms) = postSolution
		{8FE11698-52F8-4C12-A883-B15A90E7CB55}.Debug|Any CPU.ActiveCfg = Debug|Any CPU
		{8FE11698-52F8-4C12-A883-B15A90E7CB55}.Debug|Any CPU.Build.0 = Debug|Any CPU
		{8FE11698-52F8-4C12-A883-B15A90E7CB55}.Release|Any CPU.ActiveCfg = Release|Any CPU
		{8FE11698-52F8-4C12-A883-B15A90E7CB55}.Release|Any CPU.Build.0 = Release|Any CPU
		{BF0C5633-6B4A-4EDD-9E0F-2ABB23AAA0E4}.Debug|Any CPU.ActiveCfg = Debug|Any CPU
		{BF0C5633-6B4A-4EDD-9E0F-2ABB23AAA0E4}.Debug|Any CPU.Build.0 = Debug|Any CPU
		{BF0C5633-6B4A-4EDD-9E0F-2ABB23AAA0E4}.Release|Any CPU.ActiveCfg = Release|Any CPU
		{BF0C5633-6B4A-4EDD-9E0F-2ABB23AAA0E4}.Release|Any CPU.Build.0 = Release|Any CPU
		{8941AEDF-ABF1-4836-8175-8323414394D5}.Debug|Any CPU.ActiveCfg = Debug|Any CPU
		{8941AEDF-ABF1-4836-8175-8323414394D5}.Debug|Any CPU.Build.0 = Debug|Any CPU
		{8941AEDF-ABF1-4836-8175-8323414394D5}.Release|Any CPU.ActiveCfg = Release|Any CPU
		{8941AEDF-ABF1-4836-8175-8323414394D5}.Release|Any CPU.Build.0 = Release|Any CPU
		{34A272EE-AB75-44EB-82A6-B9B344683E00}.Debug|Any CPU.ActiveCfg = Debug|Any CPU
		{34A272EE-AB75-44EB-82A6-B9B344683E00}.Debug|Any CPU.Build.0 = Debug|Any CPU
		{34A272EE-AB75-44EB-82A6-B9B344683E00}.Release|Any CPU.ActiveCfg = Release|Any CPU
		{34A272EE-AB75-44EB-82A6-B9B344683E00}.Release|Any CPU.Build.0 = Release|Any CPU
		{3C624B5D-7C4D-4C3D-AC6A-20466CAC524F}.Debug|Any CPU.ActiveCfg = Debug|Any CPU
		{3C624B5D-7C4D-4C3D-AC6A-20466CAC524F}.Debug|Any CPU.Build.0 = Debug|Any CPU
		{3C624B5D-7C4D-4C3D-AC6A-20466CAC524F}.Release|Any CPU.ActiveCfg = Release|Any CPU
		{3C624B5D-7C4D-4C3D-AC6A-20466CAC524F}.Release|Any CPU.Build.0 = Release|Any CPU
		{482A5FFD-8983-4482-AE21-C25C4C12C8D0}.Debug|Any CPU.ActiveCfg = Debug|Any CPU
		{482A5FFD-8983-4482-AE21-C25C4C12C8D0}.Debug|Any CPU.Build.0 = Debug|Any CPU
		{482A5FFD-8983-4482-AE21-C25C4C12C8D0}.Release|Any CPU.ActiveCfg = Release|Any CPU
		{482A5FFD-8983-4482-AE21-C25C4C12C8D0}.Release|Any CPU.Build.0 = Release|Any CPU
		{8FCE3BF8-69AF-40C5-BA4F-E4A33D3EEB26}.Debug|Any CPU.ActiveCfg = Debug|Any CPU
		{8FCE3BF8-69AF-40C5-BA4F-E4A33D3EEB26}.Debug|Any CPU.Build.0 = Debug|Any CPU
		{8FCE3BF8-69AF-40C5-BA4F-E4A33D3EEB26}.Release|Any CPU.ActiveCfg = Release|Any CPU
		{8FCE3BF8-69AF-40C5-BA4F-E4A33D3EEB26}.Release|Any CPU.Build.0 = Release|Any CPU
	EndGlobalSection
	GlobalSection(SolutionProperties) = preSolution
		HideSolutionNode = FALSE
	EndGlobalSection
	GlobalSection(ExtensibilityGlobals) = postSolution
		SolutionGuid = {E33CEDB1-7E3F-43C1-8239-CAF270693D7B}
	EndGlobalSection
EndGlobal
